// !$*UTF8*$!
{
	archiveVersion = 1;
	classes = {
	};
	objectVersion = 46;
	objects = {

/* Begin PBXBuildFile section */
		B221BFDA18C3EB3B00FAA120 /* UPCSearchController.m in Sources */ = {isa = PBXBuildFile; fileRef = B221BFD818C3EB3B00FAA120 /* UPCSearchController.m */; };
		B221BFDE18C3ED7C00FAA120 /* UPCOverlayView.m in Sources */ = {isa = PBXBuildFile; fileRef = B221BFDD18C3ED7C00FAA120 /* UPCOverlayView.m */; };
		B221BFE018C3EEC600FAA120 /* AVFoundation.framework in Frameworks */ = {isa = PBXBuildFile; fileRef = B221BFDF18C3EEC600FAA120 /* AVFoundation.framework */; };
		B221BFE418C3EF0F00FAA120 /* CoreImage.framework in Frameworks */ = {isa = PBXBuildFile; fileRef = B221BFE318C3EF0F00FAA120 /* CoreImage.framework */; };
		B221BFE818C3F29700FAA120 /* UPCSearch.storyboard in Resources */ = {isa = PBXBuildFile; fileRef = B221BFE718C3F29700FAA120 /* UPCSearch.storyboard */; };
		B221BFED18C3FE5400FAA120 /* SearchResultController.m in Sources */ = {isa = PBXBuildFile; fileRef = B221BFEC18C3FE5400FAA120 /* SearchResultController.m */; };
		B221BFF018C80F6F00FAA120 /* Main.storyboard in Resources */ = {isa = PBXBuildFile; fileRef = B221BFEF18C80F6F00FAA120 /* Main.storyboard */; };
		B2E2471F18C3D94E00AFFB56 /* Foundation.framework in Frameworks */ = {isa = PBXBuildFile; fileRef = B2E2471E18C3D94E00AFFB56 /* Foundation.framework */; };
		B2E2472318C3D94E00AFFB56 /* UIKit.framework in Frameworks */ = {isa = PBXBuildFile; fileRef = B2E2472218C3D94E00AFFB56 /* UIKit.framework */; };
		B2E2472918C3D94E00AFFB56 /* InfoPlist.strings in Resources */ = {isa = PBXBuildFile; fileRef = B2E2472718C3D94E00AFFB56 /* InfoPlist.strings */; };
		B2E2472B18C3D94E00AFFB56 /* main.m in Sources */ = {isa = PBXBuildFile; fileRef = B2E2472A18C3D94E00AFFB56 /* main.m */; };
		B2E2472F18C3D94E00AFFB56 /* AppDelegate.m in Sources */ = {isa = PBXBuildFile; fileRef = B2E2472E18C3D94E00AFFB56 /* AppDelegate.m */; };
		B2E2473118C3D94E00AFFB56 /* Images.xcassets in Resources */ = {isa = PBXBuildFile; fileRef = B2E2473018C3D94E00AFFB56 /* Images.xcassets */; };
		B2E2473818C3D94E00AFFB56 /* XCTest.framework in Frameworks */ = {isa = PBXBuildFile; fileRef = B2E2473718C3D94E00AFFB56 /* XCTest.framework */; };
		B2E2473918C3D94E00AFFB56 /* Foundation.framework in Frameworks */ = {isa = PBXBuildFile; fileRef = B2E2471E18C3D94E00AFFB56 /* Foundation.framework */; };
		B2E2473A18C3D94E00AFFB56 /* UIKit.framework in Frameworks */ = {isa = PBXBuildFile; fileRef = B2E2472218C3D94E00AFFB56 /* UIKit.framework */; };
		B2E2474218C3D94E00AFFB56 /* InfoPlist.strings in Resources */ = {isa = PBXBuildFile; fileRef = B2E2474018C3D94E00AFFB56 /* InfoPlist.strings */; };
		B2E2474418C3D94E00AFFB56 /* AleTrader_comTests.m in Sources */ = {isa = PBXBuildFile; fileRef = B2E2474318C3D94E00AFFB56 /* AleTrader_comTests.m */; };
/* End PBXBuildFile section */

/* Begin PBXContainerItemProxy section */
		B2E2473B18C3D94E00AFFB56 /* PBXContainerItemProxy */ = {
			isa = PBXContainerItemProxy;
			containerPortal = B2E2471318C3D94E00AFFB56 /* Project object */;
			proxyType = 1;
			remoteGlobalIDString = B2E2471A18C3D94E00AFFB56;
			remoteInfo = AleTrader.com;
		};
/* End PBXContainerItemProxy section */

/* Begin PBXFileReference section */
		B221BFD718C3EB3B00FAA120 /* UPCSearchController.h */ = {isa = PBXFileReference; fileEncoding = 4; lastKnownFileType = sourcecode.c.h; path = UPCSearchController.h; sourceTree = "<group>"; };
		B221BFD818C3EB3B00FAA120 /* UPCSearchController.m */ = {isa = PBXFileReference; fileEncoding = 4; lastKnownFileType = sourcecode.c.objc; path = UPCSearchController.m; sourceTree = "<group>"; };
		B221BFDC18C3ED4D00FAA120 /* UPCOverlayView.h */ = {isa = PBXFileReference; lastKnownFileType = sourcecode.c.h; path = UPCOverlayView.h; sourceTree = "<group>"; };
		B221BFDD18C3ED7C00FAA120 /* UPCOverlayView.m */ = {isa = PBXFileReference; fileEncoding = 4; lastKnownFileType = sourcecode.c.objc; path = UPCOverlayView.m; sourceTree = "<group>"; };
		B221BFDF18C3EEC600FAA120 /* AVFoundation.framework */ = {isa = PBXFileReference; lastKnownFileType = wrapper.framework; name = AVFoundation.framework; path = System/Library/Frameworks/AVFoundation.framework; sourceTree = SDKROOT; };
		B221BFE118C3EEF900FAA120 /* CoreVideo.framework */ = {isa = PBXFileReference; lastKnownFileType = wrapper.framework; name = CoreVideo.framework; path = System/Library/Frameworks/CoreVideo.framework; sourceTree = SDKROOT; };
		B221BFE318C3EF0F00FAA120 /* CoreImage.framework */ = {isa = PBXFileReference; lastKnownFileType = wrapper.framework; name = CoreImage.framework; path = System/Library/Frameworks/CoreImage.framework; sourceTree = SDKROOT; };
		B221BFE518C3EF2D00FAA120 /* CoreMedia.framework */ = {isa = PBXFileReference; lastKnownFileType = wrapper.framework; name = CoreMedia.framework; path = System/Library/Frameworks/CoreMedia.framework; sourceTree = SDKROOT; };
		B221BFE718C3F29700FAA120 /* UPCSearch.storyboard */ = {isa = PBXFileReference; fileEncoding = 4; lastKnownFileType = file.storyboard; path = UPCSearch.storyboard; sourceTree = "<group>"; };
		B221BFEB18C3FE5400FAA120 /* SearchResultController.h */ = {isa = PBXFileReference; fileEncoding = 4; lastKnownFileType = sourcecode.c.h; path = SearchResultController.h; sourceTree = "<group>"; };
		B221BFEC18C3FE5400FAA120 /* SearchResultController.m */ = {isa = PBXFileReference; fileEncoding = 4; lastKnownFileType = sourcecode.c.objc; path = SearchResultController.m; sourceTree = "<group>"; };
		B221BFEF18C80F6F00FAA120 /* Main.storyboard */ = {isa = PBXFileReference; fileEncoding = 4; lastKnownFileType = file.storyboard; name = Main.storyboard; path = ../Main.storyboard; sourceTree = "<group>"; };
		B2E2471B18C3D94E00AFFB56 /* AleTrader.com.app */ = {isa = PBXFileReference; explicitFileType = wrapper.application; includeInIndex = 0; path = AleTrader.com.app; sourceTree = BUILT_PRODUCTS_DIR; };
		B2E2471E18C3D94E00AFFB56 /* Foundation.framework */ = {isa = PBXFileReference; lastKnownFileType = wrapper.framework; name = Foundation.framework; path = System/Library/Frameworks/Foundation.framework; sourceTree = SDKROOT; };
		B2E2472018C3D94E00AFFB56 /* CoreGraphics.framework */ = {isa = PBXFileReference; lastKnownFileType = wrapper.framework; name = CoreGraphics.framework; path = System/Library/Frameworks/CoreGraphics.framework; sourceTree = SDKROOT; };
		B2E2472218C3D94E00AFFB56 /* UIKit.framework */ = {isa = PBXFileReference; lastKnownFileType = wrapper.framework; name = UIKit.framework; path = System/Library/Frameworks/UIKit.framework; sourceTree = SDKROOT; };
		B2E2472618C3D94E00AFFB56 /* AleTrader.com-Info.plist */ = {isa = PBXFileReference; lastKnownFileType = text.plist.xml; path = "AleTrader.com-Info.plist"; sourceTree = "<group>"; };
		B2E2472818C3D94E00AFFB56 /* en */ = {isa = PBXFileReference; lastKnownFileType = text.plist.strings; name = en; path = en.lproj/InfoPlist.strings; sourceTree = "<group>"; };
		B2E2472A18C3D94E00AFFB56 /* main.m */ = {isa = PBXFileReference; lastKnownFileType = sourcecode.c.objc; path = main.m; sourceTree = "<group>"; };
		B2E2472C18C3D94E00AFFB56 /* AleTrader.com-Prefix.pch */ = {isa = PBXFileReference; lastKnownFileType = sourcecode.c.h; path = "AleTrader.com-Prefix.pch"; sourceTree = "<group>"; };
		B2E2472D18C3D94E00AFFB56 /* AppDelegate.h */ = {isa = PBXFileReference; lastKnownFileType = sourcecode.c.h; path = AppDelegate.h; sourceTree = "<group>"; };
		B2E2472E18C3D94E00AFFB56 /* AppDelegate.m */ = {isa = PBXFileReference; lastKnownFileType = sourcecode.c.objc; path = AppDelegate.m; sourceTree = "<group>"; };
		B2E2473018C3D94E00AFFB56 /* Images.xcassets */ = {isa = PBXFileReference; lastKnownFileType = folder.assetcatalog; path = Images.xcassets; sourceTree = "<group>"; };
		B2E2473618C3D94E00AFFB56 /* AleTrader.comTests.xctest */ = {isa = PBXFileReference; explicitFileType = wrapper.cfbundle; includeInIndex = 0; path = AleTrader.comTests.xctest; sourceTree = BUILT_PRODUCTS_DIR; };
		B2E2473718C3D94E00AFFB56 /* XCTest.framework */ = {isa = PBXFileReference; lastKnownFileType = wrapper.framework; name = XCTest.framework; path = Library/Frameworks/XCTest.framework; sourceTree = DEVELOPER_DIR; };
		B2E2473F18C3D94E00AFFB56 /* AleTrader.comTests-Info.plist */ = {isa = PBXFileReference; lastKnownFileType = text.plist.xml; path = "AleTrader.comTests-Info.plist"; sourceTree = "<group>"; };
		B2E2474118C3D94E00AFFB56 /* en */ = {isa = PBXFileReference; lastKnownFileType = text.plist.strings; name = en; path = en.lproj/InfoPlist.strings; sourceTree = "<group>"; };
		B2E2474318C3D94E00AFFB56 /* AleTrader_comTests.m */ = {isa = PBXFileReference; lastKnownFileType = sourcecode.c.objc; path = AleTrader_comTests.m; sourceTree = "<group>"; };
/* End PBXFileReference section */

/* Begin PBXFrameworksBuildPhase section */
		B2E2471818C3D94E00AFFB56 /* Frameworks */ = {
			isa = PBXFrameworksBuildPhase;
			buildActionMask = 2147483647;
			files = (
				B221BFE418C3EF0F00FAA120 /* CoreImage.framework in Frameworks */,
				B221BFE018C3EEC600FAA120 /* AVFoundation.framework in Frameworks */,
				B2E2472318C3D94E00AFFB56 /* UIKit.framework in Frameworks */,
				B2E2471F18C3D94E00AFFB56 /* Foundation.framework in Frameworks */,
			);
			runOnlyForDeploymentPostprocessing = 0;
		};
		B2E2473318C3D94E00AFFB56 /* Frameworks */ = {
			isa = PBXFrameworksBuildPhase;
			buildActionMask = 2147483647;
			files = (
				B2E2473818C3D94E00AFFB56 /* XCTest.framework in Frameworks */,
				B2E2473A18C3D94E00AFFB56 /* UIKit.framework in Frameworks */,
				B2E2473918C3D94E00AFFB56 /* Foundation.framework in Frameworks */,
			);
			runOnlyForDeploymentPostprocessing = 0;
		};
/* End PBXFrameworksBuildPhase section */

/* Begin PBXGroup section */
		B2E2471218C3D94E00AFFB56 = {
			isa = PBXGroup;
			children = (
				B2E2472418C3D94E00AFFB56 /* AleTrader.com */,
				B2E2473D18C3D94E00AFFB56 /* AleTrader.comTests */,
				B2E2471D18C3D94E00AFFB56 /* Frameworks */,
				B2E2471C18C3D94E00AFFB56 /* Products */,
			);
			sourceTree = "<group>";
		};
		B2E2471C18C3D94E00AFFB56 /* Products */ = {
			isa = PBXGroup;
			children = (
				B2E2471B18C3D94E00AFFB56 /* AleTrader.com.app */,
				B2E2473618C3D94E00AFFB56 /* AleTrader.comTests.xctest */,
			);
			name = Products;
			sourceTree = "<group>";
		};
		B2E2471D18C3D94E00AFFB56 /* Frameworks */ = {
			isa = PBXGroup;
			children = (
				B221BFE518C3EF2D00FAA120 /* CoreMedia.framework */,
				B221BFE318C3EF0F00FAA120 /* CoreImage.framework */,
				B221BFE118C3EEF900FAA120 /* CoreVideo.framework */,
				B221BFDF18C3EEC600FAA120 /* AVFoundation.framework */,
				B2E2471E18C3D94E00AFFB56 /* Foundation.framework */,
				B2E2472018C3D94E00AFFB56 /* CoreGraphics.framework */,
				B2E2472218C3D94E00AFFB56 /* UIKit.framework */,
				B2E2473718C3D94E00AFFB56 /* XCTest.framework */,
			);
			name = Frameworks;
			sourceTree = "<group>";
		};
		B2E2472418C3D94E00AFFB56 /* AleTrader.com */ = {
			isa = PBXGroup;
			children = (
				B221BFEF18C80F6F00FAA120 /* Main.storyboard */,
				B2E2472D18C3D94E00AFFB56 /* AppDelegate.h */,
				B2E2472E18C3D94E00AFFB56 /* AppDelegate.m */,
				B2E2473018C3D94E00AFFB56 /* Images.xcassets */,
				B2E2472518C3D94E00AFFB56 /* Supporting Files */,
				B221BFD718C3EB3B00FAA120 /* UPCSearchController.h */,
				B221BFD818C3EB3B00FAA120 /* UPCSearchController.m */,
				B221BFDC18C3ED4D00FAA120 /* UPCOverlayView.h */,
				B221BFDD18C3ED7C00FAA120 /* UPCOverlayView.m */,
				B221BFE718C3F29700FAA120 /* UPCSearch.storyboard */,
				B221BFEB18C3FE5400FAA120 /* SearchResultController.h */,
				B221BFEC18C3FE5400FAA120 /* SearchResultController.m */,
			);
			path = AleTrader.com;
			sourceTree = "<group>";
		};
		B2E2472518C3D94E00AFFB56 /* Supporting Files */ = {
			isa = PBXGroup;
			children = (
				B2E2472618C3D94E00AFFB56 /* AleTrader.com-Info.plist */,
				B2E2472718C3D94E00AFFB56 /* InfoPlist.strings */,
				B2E2472A18C3D94E00AFFB56 /* main.m */,
				B2E2472C18C3D94E00AFFB56 /* AleTrader.com-Prefix.pch */,
			);
			name = "Supporting Files";
			sourceTree = "<group>";
		};
		B2E2473D18C3D94E00AFFB56 /* AleTrader.comTests */ = {
			isa = PBXGroup;
			children = (
				B2E2474318C3D94E00AFFB56 /* AleTrader_comTests.m */,
				B2E2473E18C3D94E00AFFB56 /* Supporting Files */,
			);
			path = AleTrader.comTests;
			sourceTree = "<group>";
		};
		B2E2473E18C3D94E00AFFB56 /* Supporting Files */ = {
			isa = PBXGroup;
			children = (
				B2E2473F18C3D94E00AFFB56 /* AleTrader.comTests-Info.plist */,
				B2E2474018C3D94E00AFFB56 /* InfoPlist.strings */,
			);
			name = "Supporting Files";
			sourceTree = "<group>";
		};
/* End PBXGroup section */

/* Begin PBXNativeTarget section */
		B2E2471A18C3D94E00AFFB56 /* AleTrader.com */ = {
			isa = PBXNativeTarget;
			buildConfigurationList = B2E2474718C3D94E00AFFB56 /* Build configuration list for PBXNativeTarget "AleTrader.com" */;
			buildPhases = (
				B2E2471718C3D94E00AFFB56 /* Sources */,
				B2E2471818C3D94E00AFFB56 /* Frameworks */,
				B2E2471918C3D94E00AFFB56 /* Resources */,
			);
			buildRules = (
			);
			dependencies = (
			);
			name = AleTrader.com;
			productName = AleTrader.com;
			productReference = B2E2471B18C3D94E00AFFB56 /* AleTrader.com.app */;
			productType = "com.apple.product-type.application";
		};
		B2E2473518C3D94E00AFFB56 /* AleTrader.comTests */ = {
			isa = PBXNativeTarget;
			buildConfigurationList = B2E2474A18C3D94E00AFFB56 /* Build configuration list for PBXNativeTarget "AleTrader.comTests" */;
			buildPhases = (
				B2E2473218C3D94E00AFFB56 /* Sources */,
				B2E2473318C3D94E00AFFB56 /* Frameworks */,
				B2E2473418C3D94E00AFFB56 /* Resources */,
			);
			buildRules = (
			);
			dependencies = (
				B2E2473C18C3D94E00AFFB56 /* PBXTargetDependency */,
			);
			name = AleTrader.comTests;
			productName = AleTrader.comTests;
			productReference = B2E2473618C3D94E00AFFB56 /* AleTrader.comTests.xctest */;
			productType = "com.apple.product-type.bundle.unit-test";
		};
/* End PBXNativeTarget section */

/* Begin PBXProject section */
		B2E2471318C3D94E00AFFB56 /* Project object */ = {
			isa = PBXProject;
			attributes = {
				LastUpgradeCheck = 0500;
				ORGANIZATIONNAME = "Luke Forehand";
				TargetAttributes = {
					B2E2471A18C3D94E00AFFB56 = {
						DevelopmentTeam = 6KKG5JRQ8R;
					};
					B2E2473518C3D94E00AFFB56 = {
						TestTargetID = B2E2471A18C3D94E00AFFB56;
					};
				};
			};
			buildConfigurationList = B2E2471618C3D94E00AFFB56 /* Build configuration list for PBXProject "AleTrader.com" */;
			compatibilityVersion = "Xcode 3.2";
			developmentRegion = English;
			hasScannedForEncodings = 0;
			knownRegions = (
				en,
			);
			mainGroup = B2E2471218C3D94E00AFFB56;
			productRefGroup = B2E2471C18C3D94E00AFFB56 /* Products */;
			projectDirPath = "";
			projectRoot = "";
			targets = (
				B2E2471A18C3D94E00AFFB56 /* AleTrader.com */,
				B2E2473518C3D94E00AFFB56 /* AleTrader.comTests */,
			);
		};
/* End PBXProject section */

/* Begin PBXResourcesBuildPhase section */
		B2E2471918C3D94E00AFFB56 /* Resources */ = {
			isa = PBXResourcesBuildPhase;
			buildActionMask = 2147483647;
			files = (
				B221BFE818C3F29700FAA120 /* UPCSearch.storyboard in Resources */,
				B2E2472918C3D94E00AFFB56 /* InfoPlist.strings in Resources */,
				B2E2473118C3D94E00AFFB56 /* Images.xcassets in Resources */,
				B221BFF018C80F6F00FAA120 /* Main.storyboard in Resources */,
			);
			runOnlyForDeploymentPostprocessing = 0;
		};
		B2E2473418C3D94E00AFFB56 /* Resources */ = {
			isa = PBXResourcesBuildPhase;
			buildActionMask = 2147483647;
			files = (
				B2E2474218C3D94E00AFFB56 /* InfoPlist.strings in Resources */,
			);
			runOnlyForDeploymentPostprocessing = 0;
		};
/* End PBXResourcesBuildPhase section */

/* Begin PBXSourcesBuildPhase section */
		B2E2471718C3D94E00AFFB56 /* Sources */ = {
			isa = PBXSourcesBuildPhase;
			buildActionMask = 2147483647;
			files = (
				B221BFDE18C3ED7C00FAA120 /* UPCOverlayView.m in Sources */,
				B2E2472F18C3D94E00AFFB56 /* AppDelegate.m in Sources */,
				B221BFDA18C3EB3B00FAA120 /* UPCSearchController.m in Sources */,
				B2E2472B18C3D94E00AFFB56 /* main.m in Sources */,
				B221BFED18C3FE5400FAA120 /* SearchResultController.m in Sources */,
			);
			runOnlyForDeploymentPostprocessing = 0;
		};
		B2E2473218C3D94E00AFFB56 /* Sources */ = {
			isa = PBXSourcesBuildPhase;
			buildActionMask = 2147483647;
			files = (
				B2E2474418C3D94E00AFFB56 /* AleTrader_comTests.m in Sources */,
			);
			runOnlyForDeploymentPostprocessing = 0;
		};
/* End PBXSourcesBuildPhase section */

/* Begin PBXTargetDependency section */
		B2E2473C18C3D94E00AFFB56 /* PBXTargetDependency */ = {
			isa = PBXTargetDependency;
			target = B2E2471A18C3D94E00AFFB56 /* AleTrader.com */;
			targetProxy = B2E2473B18C3D94E00AFFB56 /* PBXContainerItemProxy */;
		};
/* End PBXTargetDependency section */

/* Begin PBXVariantGroup section */
		B2E2472718C3D94E00AFFB56 /* InfoPlist.strings */ = {
			isa = PBXVariantGroup;
			children = (
				B2E2472818C3D94E00AFFB56 /* en */,
			);
			name = InfoPlist.strings;
			sourceTree = "<group>";
		};
		B2E2474018C3D94E00AFFB56 /* InfoPlist.strings */ = {
			isa = PBXVariantGroup;
			children = (
				B2E2474118C3D94E00AFFB56 /* en */,
			);
			name = InfoPlist.strings;
			sourceTree = "<group>";
		};
/* End PBXVariantGroup section */

/* Begin XCBuildConfiguration section */
		B2E2474518C3D94E00AFFB56 /* Debug */ = {
			isa = XCBuildConfiguration;
			buildSettings = {
				ALWAYS_SEARCH_USER_PATHS = NO;
				ARCHS = "$(ARCHS_STANDARD_INCLUDING_64_BIT)";
				CLANG_CXX_LANGUAGE_STANDARD = "gnu++0x";
				CLANG_CXX_LIBRARY = "libc++";
				CLANG_ENABLE_MODULES = YES;
				CLANG_ENABLE_OBJC_ARC = YES;
				CLANG_WARN_BOOL_CONVERSION = YES;
				CLANG_WARN_CONSTANT_CONVERSION = YES;
				CLANG_WARN_DIRECT_OBJC_ISA_USAGE = YES_ERROR;
				CLANG_WARN_EMPTY_BODY = YES;
				CLANG_WARN_ENUM_CONVERSION = YES;
				CLANG_WARN_INT_CONVERSION = YES;
				CLANG_WARN_OBJC_ROOT_CLASS = YES_ERROR;
				CLANG_WARN__DUPLICATE_METHOD_MATCH = YES;
				"CODE_SIGN_IDENTITY[sdk=iphoneos*]" = "iPhone Developer";
				COPY_PHASE_STRIP = NO;
				GCC_C_LANGUAGE_STANDARD = gnu99;
				GCC_DYNAMIC_NO_PIC = NO;
				GCC_OPTIMIZATION_LEVEL = 0;
				GCC_PREPROCESSOR_DEFINITIONS = (
					"DEBUG=1",
					"$(inherited)",
				);
				GCC_SYMBOLS_PRIVATE_EXTERN = NO;
				GCC_WARN_64_TO_32_BIT_CONVERSION = YES;
				GCC_WARN_ABOUT_RETURN_TYPE = YES_ERROR;
				GCC_WARN_UNDECLARED_SELECTOR = YES;
				GCC_WARN_UNINITIALIZED_AUTOS = YES;
				GCC_WARN_UNUSED_FUNCTION = YES;
				GCC_WARN_UNUSED_VARIABLE = YES;
				IPHONEOS_DEPLOYMENT_TARGET = 7.0;
				ONLY_ACTIVE_ARCH = YES;
				SDKROOT = iphoneos;
			};
			name = Debug;
		};
		B2E2474618C3D94E00AFFB56 /* Release */ = {
			isa = XCBuildConfiguration;
			buildSettings = {
				ALWAYS_SEARCH_USER_PATHS = NO;
				ARCHS = "$(ARCHS_STANDARD_INCLUDING_64_BIT)";
				CLANG_CXX_LANGUAGE_STANDARD = "gnu++0x";
				CLANG_CXX_LIBRARY = "libc++";
				CLANG_ENABLE_MODULES = YES;
				CLANG_ENABLE_OBJC_ARC = YES;
				CLANG_WARN_BOOL_CONVERSION = YES;
				CLANG_WARN_CONSTANT_CONVERSION = YES;
				CLANG_WARN_DIRECT_OBJC_ISA_USAGE = YES_ERROR;
				CLANG_WARN_EMPTY_BODY = YES;
				CLANG_WARN_ENUM_CONVERSION = YES;
				CLANG_WARN_INT_CONVERSION = YES;
				CLANG_WARN_OBJC_ROOT_CLASS = YES_ERROR;
				CLANG_WARN__DUPLICATE_METHOD_MATCH = YES;
				"CODE_SIGN_IDENTITY[sdk=iphoneos*]" = "iPhone Developer";
				COPY_PHASE_STRIP = YES;
				ENABLE_NS_ASSERTIONS = NO;
				GCC_C_LANGUAGE_STANDARD = gnu99;
				GCC_WARN_64_TO_32_BIT_CONVERSION = YES;
				GCC_WARN_ABOUT_RETURN_TYPE = YES_ERROR;
				GCC_WARN_UNDECLARED_SELECTOR = YES;
				GCC_WARN_UNINITIALIZED_AUTOS = YES;
				GCC_WARN_UNUSED_FUNCTION = YES;
				GCC_WARN_UNUSED_VARIABLE = YES;
				IPHONEOS_DEPLOYMENT_TARGET = 7.0;
				SDKROOT = iphoneos;
				VALIDATE_PRODUCT = YES;
			};
			name = Release;
		};
		B2E2474818C3D94E00AFFB56 /* Debug */ = {
			isa = XCBuildConfiguration;
			buildSettings = {
				ASSETCATALOG_COMPILER_APPICON_NAME = AppIcon;
				ASSETCATALOG_COMPILER_LAUNCHIMAGE_NAME = LaunchImage;
				CODE_SIGN_IDENTITY = "iPhone Developer";
				GCC_PRECOMPILE_PREFIX_HEADER = YES;
				GCC_PREFIX_HEADER = "AleTrader.com/AleTrader.com-Prefix.pch";
				INFOPLIST_FILE = "AleTrader.com/AleTrader.com-Info.plist";
				PRODUCT_NAME = "$(TARGET_NAME)";
				TARGETED_DEVICE_FAMILY = 1;
				WRAPPER_EXTENSION = app;
			};
			name = Debug;
		};
		B2E2474918C3D94E00AFFB56 /* Release */ = {
			isa = XCBuildConfiguration;
			buildSettings = {
				ASSETCATALOG_COMPILER_APPICON_NAME = AppIcon;
				ASSETCATALOG_COMPILER_LAUNCHIMAGE_NAME = LaunchImage;
				CODE_SIGN_IDENTITY = "iPhone Developer";
				GCC_PRECOMPILE_PREFIX_HEADER = YES;
				GCC_PREFIX_HEADER = "AleTrader.com/AleTrader.com-Prefix.pch";
				INFOPLIST_FILE = "AleTrader.com/AleTrader.com-Info.plist";
				PRODUCT_NAME = "$(TARGET_NAME)";
				TARGETED_DEVICE_FAMILY = 1;
				WRAPPER_EXTENSION = app;
			};
			name = Release;
		};
		B2E2474B18C3D94E00AFFB56 /* Debug */ = {
			isa = XCBuildConfiguration;
			buildSettings = {
				ARCHS = "$(ARCHS_STANDARD_INCLUDING_64_BIT)";
				BUNDLE_LOADER = "$(BUILT_PRODUCTS_DIR)/AleTrader.com.app/AleTrader.com";
				FRAMEWORK_SEARCH_PATHS = (
					"$(SDKROOT)/Developer/Library/Frameworks",
					"$(inherited)",
					"$(DEVELOPER_FRAMEWORKS_DIR)",
				);
				GCC_PRECOMPILE_PREFIX_HEADER = YES;
				GCC_PREFIX_HEADER = "AleTrader.com/AleTrader.com-Prefix.pch";
				GCC_PREPROCESSOR_DEFINITIONS = (
					"DEBUG=1",
					"$(inherited)",
				);
				INFOPLIST_FILE = "AleTrader.comTests/AleTrader.comTests-Info.plist";
				PRODUCT_NAME = "$(TARGET_NAME)";
				TEST_HOST = "$(BUNDLE_LOADER)";
				WRAPPER_EXTENSION = xctest;
			};
			name = Debug;
		};
		B2E2474C18C3D94E00AFFB56 /* Release */ = {
			isa = XCBuildConfiguration;
			buildSettings = {
				ARCHS = "$(ARCHS_STANDARD_INCLUDING_64_BIT)";
				BUNDLE_LOADER = "$(BUILT_PRODUCTS_DIR)/AleTrader.com.app/AleTrader.com";
				FRAMEWORK_SEARCH_PATHS = (
					"$(SDKROOT)/Developer/Library/Frameworks",
					"$(inherited)",
					"$(DEVELOPER_FRAMEWORKS_DIR)",
				);
				GCC_PRECOMPILE_PREFIX_HEADER = YES;
				GCC_PREFIX_HEADER = "AleTrader.com/AleTrader.com-Prefix.pch";
				INFOPLIST_FILE = "AleTrader.comTests/AleTrader.comTests-Info.plist";
				PRODUCT_NAME = "$(TARGET_NAME)";
				TEST_HOST = "$(BUNDLE_LOADER)";
				WRAPPER_EXTENSION = xctest;
			};
			name = Release;
		};
/* End XCBuildConfiguration section */

/* Begin XCConfigurationList section */
		B2E2471618C3D94E00AFFB56 /* Build configuration list for PBXProject "AleTrader.com" */ = {
			isa = XCConfigurationList;
			buildConfigurations = (
				B2E2474518C3D94E00AFFB56 /* Debug */,
				B2E2474618C3D94E00AFFB56 /* Release */,
			);
			defaultConfigurationIsVisible = 0;
			defaultConfigurationName = Release;
		};
		B2E2474718C3D94E00AFFB56 /* Build configuration list for PBXNativeTarget "AleTrader.com" */ = {
			isa = XCConfigurationList;
			buildConfigurations = (
				B2E2474818C3D94E00AFFB56 /* Debug */,
				B2E2474918C3D94E00AFFB56 /* Release */,
			);
			defaultConfigurationIsVisible = 0;
			defaultConfigurationName = Release;
		};
		B2E2474A18C3D94E00AFFB56 /* Build configuration list for PBXNativeTarget "AleTrader.comTests" */ = {
			isa = XCConfigurationList;
			buildConfigurations = (
				B2E2474B18C3D94E00AFFB56 /* Debug */,
				B2E2474C18C3D94E00AFFB56 /* Release */,
			);
			defaultConfigurationIsVisible = 0;
			defaultConfigurationName = Release;
		};
/* End XCConfigurationList section */
	};
	rootObject = B2E2471318C3D94E00AFFB56 /* Project object */;
}
